
Microsoft Visual Studio Solution File, Format Version 12.00
# Visual Studio Version 17
VisualStudioVersion = 17.0.31903.59
MinimumVisualStudioVersion = 10.0.40219.1
Project("{FAE04EC0-301F-11D3-BF4B-00C04F79EFBC}") = "MathiasCicdV14.Web", "MathiasCicdV14.Web\MathiasCicdV14.Web.csproj", "{7207A82A-EFEC-43CC-A3C4-7DEFDE7ABFBF}"
EndProject
Global
	GlobalSection(SolutionConfigurationPlatforms) = preSolution
		Debug|Any CPU = Debug|Any CPU
		Release|Any CPU = Release|Any CPU
	EndGlobalSection
	GlobalSection(SolutionProperties) = preSolution
		HideSolutionNode = FALSE
	EndGlobalSection
	GlobalSection(ProjectConfigurationPlatforms) = postSolution
		{7207A82A-EFEC-43CC-A3C4-7DEFDE7ABFBF}.Debug|Any CPU.ActiveCfg = Debug|Any CPU
		{7207A82A-EFEC-43CC-A3C4-7DEFDE7ABFBF}.Debug|Any CPU.Build.0 = Debug|Any CPU
		{7207A82A-EFEC-43CC-A3C4-7DEFDE7ABFBF}.Release|Any CPU.ActiveCfg = Release|Any CPU
		{7207A82A-EFEC-43CC-A3C4-7DEFDE7ABFBF}.Release|Any CPU.Build.0 = Release|Any CPU
	EndGlobalSection
EndGlobal
Project("{2150E333-8FDC-42A3-9474-1A3956D46DE8}") = "Solution Files", "Solution Files", "{78DD52EC-1AAF-41F0-81C6-E883626D2435}"
	ProjectSection(SolutionItems) = preProject
		.dockerignore = .dockerignore
		.editorconfig = .editorconfig
		.gitattributes = .gitattributes
		.gitignore = .gitignore
		.umbraco = .umbraco
		NuGet.config = NuGet.config
		Readme.md = Readme.md
		MathiasCicdV14.Web\umbraco-cloud.json = MathiasCicdV14.Web\umbraco-cloud.json
	EndProjectSection
EndProject
